{
  "name": "nitelog",
  "lockfileVersion": 3,
  "requires": true,
  "packages": {
    "": {
      "name": "nitelog",
      "dependencies": {
        "pnpm": "^11.5.3"
      }
    },
    "node_modules/pnpm": {
      "version": "11.5.3",
      "resolved": "https://registry.npmjs.org/pnpm/-/pnpm-11.5.3.tgz",
      "integrity": "sha512-esHJGTQcITo03A0Cr7cUPFwmrCbujEeC3uqCG4rGTSE0oIH9iUHa5uKbu0j1jfwrf7zuzMB8svCdIZ00Kklp7Q==",
      "license": "MIT",
      "bin": {
        "pn": "bin/pnpm.mjs",
        "pnpm": "bin/pnpm.mjs",
        "pnpx": "bin/pnpx.mjs",
        "pnx": "bin/pnpx.mjs"
      },
      "engines": {
        "node": ">=22.13"
      },
      "funding": {
        "url": "https://opencollective.com/pnpm"
      }
    }
  }
}
